
Microsoft Visual Studio Solution File, Format Version 12.00
# Visual Studio Version 17
VisualStudioVersion = 17.7.34202.233
MinimumVisualStudioVersion = 10.0.40219.1
Project("{FAE04EC0-301F-11D3-BF4B-00C04F79EFBC}") = "Inheritance2", "Inheritance2\Inheritance2.csproj", "{11210866-1C3A-4FCE-B92A-7EAEC1794ADE}"
EndProject
Global
	GlobalSection(SolutionConfigurationPlatforms) = preSolution
		Debug|Any CPU = Debug|Any CPU
		Release|Any CPU = Release|Any CPU
	EndGlobalSection
	GlobalSection(ProjectConfigurationPlatforms) = postSolution
		{11210866-1C3A-4FCE-B92A-7EAEC1794ADE}.Debug|Any CPU.ActiveCfg = Debug|Any CPU
		{11210866-1C3A-4FCE-B92A-7EAEC1794ADE}.Debug|Any CPU.Build.0 = Debug|Any CPU
		{11210866-1C3A-4FCE-B92A-7EAEC1794ADE}.Release|Any CPU.ActiveCfg = Release|Any CPU
		{11210866-1C3A-4FCE-B92A-7EAEC1794ADE}.Release|Any CPU.Build.0 = Release|Any CPU
	EndGlobalSection
	GlobalSection(SolutionProperties) = preSolution
		HideSolutionNode = FALSE
	EndGlobalSection
	GlobalSection(ExtensibilityGlobals) = postSolution
		SolutionGuid = {DA784FDA-7367-4ABB-B2A5-0241F84349EC}
	EndGlobalSection
EndGlobal
