
Microsoft Visual Studio Solution File, Format Version 12.00
# Visual Studio Version 17
VisualStudioVersion = 17.7.34202.233
MinimumVisualStudioVersion = 10.0.40219.1
Project("{FAE04EC0-301F-11D3-BF4B-00C04F79EFBC}") = "Polymorphic", "Polymorphic\Polymorphic.csproj", "{67B065BA-700B-4299-8006-EDFB2C918720}"
EndProject
Global
	GlobalSection(SolutionConfigurationPlatforms) = preSolution
		Debug|Any CPU = Debug|Any CPU
		Release|Any CPU = Release|Any CPU
	EndGlobalSection
	GlobalSection(ProjectConfigurationPlatforms) = postSolution
		{67B065BA-700B-4299-8006-EDFB2C918720}.Debug|Any CPU.ActiveCfg = Debug|Any CPU
		{67B065BA-700B-4299-8006-EDFB2C918720}.Debug|Any CPU.Build.0 = Debug|Any CPU
		{67B065BA-700B-4299-8006-EDFB2C918720}.Release|Any CPU.ActiveCfg = Release|Any CPU
		{67B065BA-700B-4299-8006-EDFB2C918720}.Release|Any CPU.Build.0 = Release|Any CPU
	EndGlobalSection
	GlobalSection(SolutionProperties) = preSolution
		HideSolutionNode = FALSE
	EndGlobalSection
	GlobalSection(ExtensibilityGlobals) = postSolution
		SolutionGuid = {4623C712-3104-4F50-A908-5DEC7D17CE65}
	EndGlobalSection
EndGlobal
