
Microsoft Visual Studio Solution File, Format Version 12.00
# Visual Studio Version 17
VisualStudioVersion = 17.7.34202.233
MinimumVisualStudioVersion = 10.0.40219.1
Project("{FAE04EC0-301F-11D3-BF4B-00C04F79EFBC}") = "StackNQueue", "StackNQueue\StackNQueue.csproj", "{BB19ED78-19C5-46DF-A0BE-FE4473BF6472}"
EndProject
Global
	GlobalSection(SolutionConfigurationPlatforms) = preSolution
		Debug|Any CPU = Debug|Any CPU
		Release|Any CPU = Release|Any CPU
	EndGlobalSection
	GlobalSection(ProjectConfigurationPlatforms) = postSolution
		{BB19ED78-19C5-46DF-A0BE-FE4473BF6472}.Debug|Any CPU.ActiveCfg = Debug|Any CPU
		{BB19ED78-19C5-46DF-A0BE-FE4473BF6472}.Debug|Any CPU.Build.0 = Debug|Any CPU
		{BB19ED78-19C5-46DF-A0BE-FE4473BF6472}.Release|Any CPU.ActiveCfg = Release|Any CPU
		{BB19ED78-19C5-46DF-A0BE-FE4473BF6472}.Release|Any CPU.Build.0 = Release|Any CPU
	EndGlobalSection
	GlobalSection(SolutionProperties) = preSolution
		HideSolutionNode = FALSE
	EndGlobalSection
	GlobalSection(ExtensibilityGlobals) = postSolution
		SolutionGuid = {5524865D-68A9-4D7C-A2D7-D5B57A381D4F}
	EndGlobalSection
EndGlobal
