
Microsoft Visual Studio Solution File, Format Version 12.00
# Visual Studio Version 17
VisualStudioVersion = 17.7.34202.233
MinimumVisualStudioVersion = 10.0.40219.1
Project("{FAE04EC0-301F-11D3-BF4B-00C04F79EFBC}") = "ListProject", "ListProject\ListProject.csproj", "{C0C79286-DC7A-49E2-9DDB-4E2961FEA889}"
EndProject
Global
	GlobalSection(SolutionConfigurationPlatforms) = preSolution
		Debug|Any CPU = Debug|Any CPU
		Release|Any CPU = Release|Any CPU
	EndGlobalSection
	GlobalSection(ProjectConfigurationPlatforms) = postSolution
		{C0C79286-DC7A-49E2-9DDB-4E2961FEA889}.Debug|Any CPU.ActiveCfg = Debug|Any CPU
		{C0C79286-DC7A-49E2-9DDB-4E2961FEA889}.Debug|Any CPU.Build.0 = Debug|Any CPU
		{C0C79286-DC7A-49E2-9DDB-4E2961FEA889}.Release|Any CPU.ActiveCfg = Release|Any CPU
		{C0C79286-DC7A-49E2-9DDB-4E2961FEA889}.Release|Any CPU.Build.0 = Release|Any CPU
	EndGlobalSection
	GlobalSection(SolutionProperties) = preSolution
		HideSolutionNode = FALSE
	EndGlobalSection
	GlobalSection(ExtensibilityGlobals) = postSolution
		SolutionGuid = {EC74490C-AB11-4FC7-A31F-DC1FD5FCB7E6}
	EndGlobalSection
EndGlobal
