
Microsoft Visual Studio Solution File, Format Version 12.00
# Visual Studio Version 17
VisualStudioVersion = 17.7.34202.233
MinimumVisualStudioVersion = 10.0.40219.1
Project("{FAE04EC0-301F-11D3-BF4B-00C04F79EFBC}") = "Oldstyle", "Oldstyle\Oldstyle.csproj", "{2DC32532-019E-4608-BE8D-E5840B1EC78C}"
EndProject
Global
	GlobalSection(SolutionConfigurationPlatforms) = preSolution
		Debug|Any CPU = Debug|Any CPU
		Release|Any CPU = Release|Any CPU
	EndGlobalSection
	GlobalSection(ProjectConfigurationPlatforms) = postSolution
		{2DC32532-019E-4608-BE8D-E5840B1EC78C}.Debug|Any CPU.ActiveCfg = Debug|Any CPU
		{2DC32532-019E-4608-BE8D-E5840B1EC78C}.Debug|Any CPU.Build.0 = Debug|Any CPU
		{2DC32532-019E-4608-BE8D-E5840B1EC78C}.Release|Any CPU.ActiveCfg = Release|Any CPU
		{2DC32532-019E-4608-BE8D-E5840B1EC78C}.Release|Any CPU.Build.0 = Release|Any CPU
	EndGlobalSection
	GlobalSection(SolutionProperties) = preSolution
		HideSolutionNode = FALSE
	EndGlobalSection
	GlobalSection(ExtensibilityGlobals) = postSolution
		SolutionGuid = {7F8898A3-D912-4939-BD12-DE3685547EC7}
	EndGlobalSection
EndGlobal
