
Microsoft Visual Studio Solution File, Format Version 12.00
# Visual Studio Version 17
VisualStudioVersion = 17.7.34202.233
MinimumVisualStudioVersion = 10.0.40219.1
Project("{FAE04EC0-301F-11D3-BF4B-00C04F79EFBC}") = "Loop", "Loop\Loop.csproj", "{B87E1A72-3402-4550-B728-1ADDE7939CF2}"
EndProject
Global
	GlobalSection(SolutionConfigurationPlatforms) = preSolution
		Debug|Any CPU = Debug|Any CPU
		Release|Any CPU = Release|Any CPU
	EndGlobalSection
	GlobalSection(ProjectConfigurationPlatforms) = postSolution
		{B87E1A72-3402-4550-B728-1ADDE7939CF2}.Debug|Any CPU.ActiveCfg = Debug|Any CPU
		{B87E1A72-3402-4550-B728-1ADDE7939CF2}.Debug|Any CPU.Build.0 = Debug|Any CPU
		{B87E1A72-3402-4550-B728-1ADDE7939CF2}.Release|Any CPU.ActiveCfg = Release|Any CPU
		{B87E1A72-3402-4550-B728-1ADDE7939CF2}.Release|Any CPU.Build.0 = Release|Any CPU
	EndGlobalSection
	GlobalSection(SolutionProperties) = preSolution
		HideSolutionNode = FALSE
	EndGlobalSection
	GlobalSection(ExtensibilityGlobals) = postSolution
		SolutionGuid = {36E52235-7C23-4C60-9CEF-DBEF00A83605}
	EndGlobalSection
EndGlobal
