
Microsoft Visual Studio Solution File, Format Version 12.00
# Visual Studio Version 17
VisualStudioVersion = 17.7.34202.233
MinimumVisualStudioVersion = 10.0.40219.1
Project("{FAE04EC0-301F-11D3-BF4B-00C04F79EFBC}") = "ReadTextFromFile", "ReadTextFromFile\ReadTextFromFile.csproj", "{D90D165D-E7EA-4273-A662-D728FE774B5A}"
EndProject
Global
	GlobalSection(SolutionConfigurationPlatforms) = preSolution
		Debug|Any CPU = Debug|Any CPU
		Release|Any CPU = Release|Any CPU
	EndGlobalSection
	GlobalSection(ProjectConfigurationPlatforms) = postSolution
		{D90D165D-E7EA-4273-A662-D728FE774B5A}.Debug|Any CPU.ActiveCfg = Debug|Any CPU
		{D90D165D-E7EA-4273-A662-D728FE774B5A}.Debug|Any CPU.Build.0 = Debug|Any CPU
		{D90D165D-E7EA-4273-A662-D728FE774B5A}.Release|Any CPU.ActiveCfg = Release|Any CPU
		{D90D165D-E7EA-4273-A662-D728FE774B5A}.Release|Any CPU.Build.0 = Release|Any CPU
	EndGlobalSection
	GlobalSection(SolutionProperties) = preSolution
		HideSolutionNode = FALSE
	EndGlobalSection
	GlobalSection(ExtensibilityGlobals) = postSolution
		SolutionGuid = {B9712772-7CDC-4C61-88EE-20C304DC033D}
	EndGlobalSection
EndGlobal
